
Microsoft Visual Studio Solution File, Format Version 12.00
# Visual Studio Version 16
VisualStudioVersion = 16.0.30320.27
MinimumVisualStudioVersion = 10.0.40219.1
Project("{8BC9CEB8-8B4A-11D0-8D11-00A0C91BC942}") = "Queue", "Queue\Queue.vcxproj", "{83135A68-2990-4078-8361-123495D66A5D}"
EndProject
Project("{8BC9CEB8-8B4A-11D0-8D11-00A0C91BC942}") = "Stack", "Stack\Stack.vcxproj", "{390F5EFC-1043-43F1-A30D-CF197B53FC55}"
EndProject
Global
	GlobalSection(SolutionConfigurationPlatforms) = preSolution
		Debug|x64 = Debug|x64
		Debug|x86 = Debug|x86
		Release|x64 = Release|x64
		Release|x86 = Release|x86
	EndGlobalSection
	GlobalSection(ProjectConfigurationPlatforms) = postSolution
		{83135A68-2990-4078-8361-123495D66A5D}.Debug|x64.ActiveCfg = Debug|x64
		{83135A68-2990-4078-8361-123495D66A5D}.Debug|x64.Build.0 = Debug|x64
		{83135A68-2990-4078-8361-123495D66A5D}.Debug|x86.ActiveCfg = Debug|Win32
		{83135A68-2990-4078-8361-123495D66A5D}.Debug|x86.Build.0 = Debug|Win32
		{83135A68-2990-4078-8361-123495D66A5D}.Release|x64.ActiveCfg = Release|x64
		{83135A68-2990-4078-8361-123495D66A5D}.Release|x64.Build.0 = Release|x64
		{83135A68-2990-4078-8361-123495D66A5D}.Release|x86.ActiveCfg = Release|Win32
		{83135A68-2990-4078-8361-123495D66A5D}.Release|x86.Build.0 = Release|Win32
		{390F5EFC-1043-43F1-A30D-CF197B53FC55}.Debug|x64.ActiveCfg = Debug|x64
		{390F5EFC-1043-43F1-A30D-CF197B53FC55}.Debug|x64.Build.0 = Debug|x64
		{390F5EFC-1043-43F1-A30D-CF197B53FC55}.Debug|x86.ActiveCfg = Debug|Win32
		{390F5EFC-1043-43F1-A30D-CF197B53FC55}.Debug|x86.Build.0 = Debug|Win32
		{390F5EFC-1043-43F1-A30D-CF197B53FC55}.Release|x64.ActiveCfg = Release|x64
		{390F5EFC-1043-43F1-A30D-CF197B53FC55}.Release|x64.Build.0 = Release|x64
		{390F5EFC-1043-43F1-A30D-CF197B53FC55}.Release|x86.ActiveCfg = Release|Win32
		{390F5EFC-1043-43F1-A30D-CF197B53FC55}.Release|x86.Build.0 = Release|Win32
	EndGlobalSection
	GlobalSection(SolutionProperties) = preSolution
		HideSolutionNode = FALSE
	EndGlobalSection
	GlobalSection(ExtensibilityGlobals) = postSolution
		SolutionGuid = {3ABF115C-948F-4CE9-8827-5442B6545C25}
	EndGlobalSection
EndGlobal
